
Microsoft Visual Studio Solution File, Format Version 12.00
# Visual Studio 15
VisualStudioVersion = 15.0.28307.489
MinimumVisualStudioVersion = 10.0.40219.1
Project("{9A19103F-16F7-4668-BE54-9A1E7A4F7556}") = "ImageProcessor.Core", "src\ImageProcessor.Core\ImageProcessor.Core.csproj", "{15B0EF4D-7C72-4DF8-A11D-FE80F75940E4}"
EndProject
Global
	GlobalSection(SolutionConfigurationPlatforms) = preSolution
		Debug|Any CPU = Debug|Any CPU
		Release|Any CPU = Release|Any CPU
	EndGlobalSection
	GlobalSection(ProjectConfigurationPlatforms) = postSolution
		{15B0EF4D-7C72-4DF8-A11D-FE80F75940E4}.Debug|Any CPU.ActiveCfg = Debug|Any CPU
		{15B0EF4D-7C72-4DF8-A11D-FE80F75940E4}.Debug|Any CPU.Build.0 = Debug|Any CPU
		{15B0EF4D-7C72-4DF8-A11D-FE80F75940E4}.Release|Any CPU.ActiveCfg = Release|Any CPU
		{15B0EF4D-7C72-4DF8-A11D-FE80F75940E4}.Release|Any CPU.Build.0 = Release|Any CPU
	EndGlobalSection
	GlobalSection(SolutionProperties) = preSolution
		HideSolutionNode = FALSE
	EndGlobalSection
	GlobalSection(ExtensibilityGlobals) = postSolution
		SolutionGuid = {711B911B-A379-4204-B6AB-4390DF8EB64B}
	EndGlobalSection
EndGlobal
